
Microsoft Visual Studio Solution File, Format Version 12.00
# Visual Studio Version 16
VisualStudioVersion = 16.0.29926.136
MinimumVisualStudioVersion = 10.0.40219.1
Project("{FAE04EC0-301F-11D3-BF4B-00C04F79EFBC}") = "Schachbrett", "Schachbrett.csproj", "{A7256855-B31A-476C-92D7-940B5D912766}"
EndProject
Global
	GlobalSection(SolutionConfigurationPlatforms) = preSolution
		Debug|Any CPU = Debug|Any CPU
		Release|Any CPU = Release|Any CPU
	EndGlobalSection
	GlobalSection(ProjectConfigurationPlatforms) = postSolution
		{A7256855-B31A-476C-92D7-940B5D912766}.Debug|Any CPU.ActiveCfg = Debug|Any CPU
		{A7256855-B31A-476C-92D7-940B5D912766}.Debug|Any CPU.Build.0 = Debug|Any CPU
		{A7256855-B31A-476C-92D7-940B5D912766}.Release|Any CPU.ActiveCfg = Release|Any CPU
		{A7256855-B31A-476C-92D7-940B5D912766}.Release|Any CPU.Build.0 = Release|Any CPU
	EndGlobalSection
	GlobalSection(SolutionProperties) = preSolution
		HideSolutionNode = FALSE
	EndGlobalSection
	GlobalSection(ExtensibilityGlobals) = postSolution
		SolutionGuid = {1F69A737-FBC4-4A8B-9E39-F955A2C9F190}
	EndGlobalSection
EndGlobal
